
Microsoft Visual Studio Solution File, Format Version 12.00
# Visual Studio Version 17
VisualStudioVersion = 17.1.32210.238
MinimumVisualStudioVersion = 10.0.40219.1
Project("{FAE04EC0-301F-11D3-BF4B-00C04F79EFBC}") = "tpmodul4_1302200016", "tpmodul4_1302200016\tpmodul4_1302200016.csproj", "{36B6E97D-0645-4B35-91E3-7366736FC661}"
EndProject
Global
	GlobalSection(SolutionConfigurationPlatforms) = preSolution
		Debug|Any CPU = Debug|Any CPU
		Release|Any CPU = Release|Any CPU
	EndGlobalSection
	GlobalSection(ProjectConfigurationPlatforms) = postSolution
		{36B6E97D-0645-4B35-91E3-7366736FC661}.Debug|Any CPU.ActiveCfg = Debug|Any CPU
		{36B6E97D-0645-4B35-91E3-7366736FC661}.Debug|Any CPU.Build.0 = Debug|Any CPU
		{36B6E97D-0645-4B35-91E3-7366736FC661}.Release|Any CPU.ActiveCfg = Release|Any CPU
		{36B6E97D-0645-4B35-91E3-7366736FC661}.Release|Any CPU.Build.0 = Release|Any CPU
	EndGlobalSection
	GlobalSection(SolutionProperties) = preSolution
		HideSolutionNode = FALSE
	EndGlobalSection
	GlobalSection(ExtensibilityGlobals) = postSolution
		SolutionGuid = {8C834DBB-F334-42C3-B6ED-0974B46FD7FD}
	EndGlobalSection
EndGlobal
